{
    "_readme": [
        "This file locks the dependencies of your project to a known state",
        "Read more about it at https://getcomposer.org/doc/01-basic-usage.md#installing-dependencies",
        "This file is @generated automatically"
    ],
    "content-hash": "7db20577db31d743a93e23033ed1f2de",
    "packages": [
        {
            "name": "automattic/jetpack-a8c-mc-stats",
            "version": "dev-master",
            "source": {
                "type": "git",
                "url": "https://github.com/Automattic/jetpack-a8c-mc-stats.git",
                "reference": "368017def1beff7675b8b461001c7b6f1fdafa7a"
            },
            "dist": {
                "type": "zip",
                "url": "https://api.github.com/repos/Automattic/jetpack-a8c-mc-stats/zipball/368017def1beff7675b8b461001c7b6f1fdafa7a",
                "reference": "368017def1beff7675b8b461001c7b6f1fdafa7a",
                "shasum": ""
            },
            "require-dev": {
                "automattic/jetpack-changelogger": "^3.0",
                "yoast/phpunit-polyfills": "1.0.3"
            },
            "default-branch": true,
            "type": "jetpack-library",
            "extra": {
                "autotagger": true,
                "mirror-repo": "Automattic/jetpack-a8c-mc-stats",
                "changelogger": {
                    "link-template": "https://github.com/Automattic/jetpack-a8c-mc-stats/compare/v${old}...v${new}"
                },
                "branch-alias": {
                    "dev-master": "1.4.x-dev"
                }
            },
            "autoload": {
                "classmap": [
                    "src/"
                ]
            },
            "notification-url": "https://packagist.org/downloads/",
            "license": [
                "GPL-2.0-or-later"
            ],
            "description": "Used to record internal usage stats for Automattic. Not visible to site owners.",
            "support": {
                "source": "https://github.com/Automattic/jetpack-a8c-mc-stats/tree/master"
            },
            "time": "2022-02-07T19:11:07+00:00"
        },
        {
            "name": "automattic/jetpack-assets",
            "version": "dev-master",
            "source": {
                "type": "git",
                "url": "https://github.com/Automattic/jetpack-assets.git",
                "reference": "711af88a4121baeac9e1cffcb5fd9b05540f446e"
            },
            "dist": {
                "type": "zip",
                "url": "https://api.github.com/repos/Automattic/jetpack-assets/zipball/711af88a4121baeac9e1cffcb5fd9b05540f446e",
                "reference": "711af88a4121baeac9e1cffcb5fd9b05540f446e",
                "shasum": ""
            },
            "require": {
                "automattic/jetpack-constants": "^1.6"
            },
            "require-dev": {
                "automattic/jetpack-changelogger": "^3.0",
                "brain/monkey": "2.6.1",
                "wikimedia/testing-access-wrapper": "^1.0 | ^2.0",
                "yoast/phpunit-polyfills": "1.0.3"
            },
            "default-branch": true,
            "type": "jetpack-library",
            "extra": {
                "autotagger": true,
                "mirror-repo": "Automattic/jetpack-assets",
                "textdomain": "jetpack-assets",
                "changelogger": {
                    "link-template": "https://github.com/Automattic/jetpack-assets/compare/v${old}...v${new}"
                },
                "branch-alias": {
                    "dev-master": "1.17.x-dev"
                }
            },
            "autoload": {
                "files": [
                    "actions.php"
                ],
                "classmap": [
                    "src/"
                ]
            },
            "notification-url": "https://packagist.org/downloads/",
            "license": [
                "GPL-2.0-or-later"
            ],
            "description": "Asset management utilities for Jetpack ecosystem packages",
            "support": {
                "source": "https://github.com/Automattic/jetpack-assets/tree/master"
            },
            "time": "2022-02-10T18:55:35+00:00"
        },
        {
            "name": "automattic/jetpack-autoloader",
            "version": "dev-master",
            "source": {
                "type": "git",
                "url": "https://github.com/Automattic/jetpack-autoloader.git",
                "reference": "0196425135dcf346e78b92584089130e7b116ddd"
            },
            "dist": {
                "type": "zip",
                "url": "https://api.github.com/repos/Automattic/jetpack-autoloader/zipball/0196425135dcf346e78b92584089130e7b116ddd",
                "reference": "0196425135dcf346e78b92584089130e7b116ddd",
                "shasum": ""
            },
            "require": {
                "composer-plugin-api": "^1.1 || ^2.0"
            },
            "require-dev": {
                "automattic/jetpack-changelogger": "^3.0",
                "yoast/phpunit-polyfills": "1.0.3"
            },
            "default-branch": true,
            "type": "composer-plugin",
            "extra": {
                "autotagger": true,
                "class": "Automattic\\Jetpack\\Autoloader\\CustomAutoloaderPlugin",
                "mirror-repo": "Automattic/jetpack-autoloader",
                "changelogger": {
                    "link-template": "https://github.com/Automattic/jetpack-autoloader/compare/v${old}...v${new}"
                },
                "branch-alias": {
                    "dev-master": "2.10.x-dev"
                }
            },
            "autoload": {
                "psr-4": {
                    "Automattic\\Jetpack\\Autoloader\\": "src"
                },
                "classmap": [
                    "src/AutoloadGenerator.php"
                ]
            },
            "notification-url": "https://packagist.org/downloads/",
            "license": [
                "GPL-2.0-or-later"
            ],
            "description": "Creates a custom autoloader for a plugin or theme.",
            "support": {
                "source": "https://github.com/Automattic/jetpack-autoloader/tree/master"
            },
            "time": "2022-02-07T19:11:12+00:00"
        },
        {
            "name": "automattic/jetpack-composer-plugin",
            "version": "dev-master",
            "source": {
                "type": "git",
                "url": "https://github.com/Automattic/jetpack-composer-plugin.git",
                "reference": "4a2a6a3df5e6daa50493051dba5248efc6bcd357"
            },
            "dist": {
                "type": "zip",
                "url": "https://api.github.com/repos/Automattic/jetpack-composer-plugin/zipball/4a2a6a3df5e6daa50493051dba5248efc6bcd357",
                "reference": "4a2a6a3df5e6daa50493051dba5248efc6bcd357",
                "shasum": ""
            },
            "require": {
                "composer-plugin-api": "^2.1.0"
            },
            "require-dev": {
                "automattic/jetpack-changelogger": "^3.0",
                "composer/composer": "2.2.3",
                "yoast/phpunit-polyfills": "1.0.3"
            },
            "default-branch": true,
            "type": "composer-plugin",
            "extra": {
                "class": "Automattic\\Jetpack\\Composer\\Plugin",
                "mirror-repo": "Automattic/jetpack-composer-plugin",
                "changelogger": {
                    "link-template": "https://github.com/Automattic/jetpack-composer-plugin/compare/v${old}...v${new}"
                },
                "autotagger": true,
                "branch-alias": {
                    "dev-master": "1.1.x-dev"
                }
            },
            "autoload": {
                "classmap": [
                    "src/"
                ]
            },
            "notification-url": "https://packagist.org/downloads/",
            "license": [
                "GPL-2.0-or-later"
            ],
            "description": "A custom installer plugin for Composer to move Jetpack packages out of `vendor/` so WordPress's translation infrastructure will find their strings.",
            "support": {
                "source": "https://github.com/Automattic/jetpack-composer-plugin/tree/master"
            },
            "time": "2022-02-07T19:11:28+00:00"
        },
        {
            "name": "automattic/jetpack-connection",
            "version": "dev-master",
            "source": {
                "type": "git",
                "url": "https://github.com/Automattic/jetpack-connection.git",
                "reference": "37d66c746b9d48f0fce991bd5736ab1ce6860dfe"
            },
            "dist": {
                "type": "zip",
                "url": "https://api.github.com/repos/Automattic/jetpack-connection/zipball/37d66c746b9d48f0fce991bd5736ab1ce6860dfe",
                "reference": "37d66c746b9d48f0fce991bd5736ab1ce6860dfe",
                "shasum": ""
            },
            "require": {
                "automattic/jetpack-a8c-mc-stats": "^1.4",
                "automattic/jetpack-constants": "^1.6",
                "automattic/jetpack-heartbeat": "^1.4",
                "automattic/jetpack-options": "^1.14",
                "automattic/jetpack-redirect": "^1.7",
                "automattic/jetpack-roles": "^1.4",
                "automattic/jetpack-status": "^1.10",
                "automattic/jetpack-terms-of-service": "^1.9",
                "automattic/jetpack-tracking": "^1.14"
            },
            "require-dev": {
                "automattic/jetpack-changelogger": "^3.0",
                "automattic/wordbless": "@dev",
                "brain/monkey": "2.6.1",
                "yoast/phpunit-polyfills": "1.0.3"
            },
            "default-branch": true,
            "type": "jetpack-library",
            "extra": {
                "autotagger": true,
                "mirror-repo": "Automattic/jetpack-connection",
                "textdomain": "jetpack-connection",
                "version-constants": {
                    "::PACKAGE_VERSION": "src/class-package-version.php"
                },
                "changelogger": {
                    "link-template": "https://github.com/Automattic/jetpack-connection/compare/v${old}...v${new}"
                },
                "branch-alias": {
                    "dev-master": "1.36.x-dev"
                }
            },
            "autoload": {
                "classmap": [
                    "legacy",
                    "src/"
                ]
            },
            "notification-url": "https://packagist.org/downloads/",
            "license": [
                "GPL-2.0-or-later"
            ],
            "description": "Everything needed to connect to the Jetpack infrastructure",
            "support": {
                "source": "https://github.com/Automattic/jetpack-connection/tree/v1.36.2"
            },
            "time": "2022-02-09T17:56:54+00:00"
        },
        {
            "name": "automattic/jetpack-constants",
            "version": "dev-master",
            "source": {
                "type": "git",
                "url": "https://github.com/Automattic/jetpack-constants.git",
                "reference": "d4c55fdc45ff9faa33010c941ca89af0c928a9cf"
            },
            "dist": {
                "type": "zip",
                "url": "https://api.github.com/repos/Automattic/jetpack-constants/zipball/d4c55fdc45ff9faa33010c941ca89af0c928a9cf",
                "reference": "d4c55fdc45ff9faa33010c941ca89af0c928a9cf",
                "shasum": ""
            },
            "require-dev": {
                "automattic/jetpack-changelogger": "^3.0",
                "brain/monkey": "2.6.1",
                "yoast/phpunit-polyfills": "1.0.3"
            },
            "default-branch": true,
            "type": "jetpack-library",
            "extra": {
                "autotagger": true,
                "mirror-repo": "Automattic/jetpack-constants",
                "changelogger": {
                    "link-template": "https://github.com/Automattic/jetpack-constants/compare/v${old}...v${new}"
                },
                "branch-alias": {
                    "dev-master": "1.6.x-dev"
                }
            },
            "autoload": {
                "classmap": [
                    "src/"
                ]
            },
            "notification-url": "https://packagist.org/downloads/",
            "license": [
                "GPL-2.0-or-later"
            ],
            "description": "A wrapper for defining constants in a more testable way.",
            "support": {
                "source": "https://github.com/Automattic/jetpack-constants/tree/master"
            },
            "time": "2022-02-07T19:11:13+00:00"
        },
        {
            "name": "automattic/jetpack-heartbeat",
            "version": "dev-master",
            "source": {
                "type": "git",
                "url": "https://github.com/Automattic/jetpack-heartbeat.git",
                "reference": "dc84a9ef24a81108474f71dc5e182186979e19c4"
            },
            "dist": {
                "type": "zip",
                "url": "https://api.github.com/repos/Automattic/jetpack-heartbeat/zipball/dc84a9ef24a81108474f71dc5e182186979e19c4",
                "reference": "dc84a9ef24a81108474f71dc5e182186979e19c4",
                "shasum": ""
            },
            "require": {
                "automattic/jetpack-a8c-mc-stats": "^1.4",
                "automattic/jetpack-options": "^1.14"
            },
            "require-dev": {
                "automattic/jetpack-changelogger": "^3.0"
            },
            "default-branch": true,
            "type": "jetpack-library",
            "extra": {
                "autotagger": true,
                "mirror-repo": "Automattic/jetpack-heartbeat",
                "textdomain": "jetpack-heartbeat",
                "changelogger": {
                    "link-template": "https://github.com/Automattic/jetpack-heartbeat/compare/v${old}...v${new}"
                },
                "branch-alias": {
                    "dev-master": "1.4.x-dev"
                }
            },
            "autoload": {
                "classmap": [
                    "src/"
                ]
            },
            "notification-url": "https://packagist.org/downloads/",
            "license": [
                "GPL-2.0-or-later"
            ],
            "description": "This adds a cronjob that sends a batch of internal automattic stats to wp.com once a day",
            "support": {
                "source": "https://github.com/Automattic/jetpack-heartbeat/tree/master"
            },
            "time": "2022-02-07T19:11:52+00:00"
        },
        {
            "name": "automattic/jetpack-options",
            "version": "dev-master",
            "source": {
                "type": "git",
                "url": "https://github.com/Automattic/jetpack-options.git",
                "reference": "b10aceec0c3b394eccccac4511f6d094b471d99b"
            },
            "dist": {
                "type": "zip",
                "url": "https://api.github.com/repos/Automattic/jetpack-options/zipball/b10aceec0c3b394eccccac4511f6d094b471d99b",
                "reference": "b10aceec0c3b394eccccac4511f6d094b471d99b",
                "shasum": ""
            },
            "require": {
                "automattic/jetpack-constants": "^1.6"
            },
            "require-dev": {
                "automattic/jetpack-changelogger": "^3.0",
                "yoast/phpunit-polyfills": "1.0.3"
            },
            "default-branch": true,
            "type": "jetpack-library",
            "extra": {
                "autotagger": true,
                "mirror-repo": "Automattic/jetpack-options",
                "changelogger": {
                    "link-template": "https://github.com/Automattic/jetpack-options/compare/v${old}...v${new}"
                },
                "branch-alias": {
                    "dev-master": "1.14.x-dev"
                }
            },
            "autoload": {
                "classmap": [
                    "legacy"
                ]
            },
            "notification-url": "https://packagist.org/downloads/",
            "license": [
                "GPL-2.0-or-later"
            ],
            "description": "A wrapper for wp-options to manage specific Jetpack options.",
            "support": {
                "source": "https://github.com/Automattic/jetpack-options/tree/master"
            },
            "time": "2022-02-07T19:11:43+00:00"
        },
        {
            "name": "automattic/jetpack-redirect",
            "version": "dev-master",
            "source": {
                "type": "git",
                "url": "https://github.com/Automattic/jetpack-redirect.git",
                "reference": "c5dd1492fda63c1a696732acf970e9d59821ee06"
            },
            "dist": {
                "type": "zip",
                "url": "https://api.github.com/repos/Automattic/jetpack-redirect/zipball/c5dd1492fda63c1a696732acf970e9d59821ee06",
                "reference": "c5dd1492fda63c1a696732acf970e9d59821ee06",
                "shasum": ""
            },
            "require": {
                "automattic/jetpack-status": "^1.10"
            },
            "require-dev": {
                "automattic/jetpack-changelogger": "^3.0",
                "brain/monkey": "2.6.1",
                "yoast/phpunit-polyfills": "1.0.3"
            },
            "default-branch": true,
            "type": "jetpack-library",
            "extra": {
                "autotagger": true,
                "mirror-repo": "Automattic/jetpack-redirect",
                "changelogger": {
                    "link-template": "https://github.com/Automattic/jetpack-redirect/compare/v${old}...v${new}"
                },
                "branch-alias": {
                    "dev-master": "1.7.x-dev"
                }
            },
            "autoload": {
                "classmap": [
                    "src/"
                ]
            },
            "notification-url": "https://packagist.org/downloads/",
            "license": [
                "GPL-2.0-or-later"
            ],
            "description": "Utilities to build URLs to the jetpack.com/redirect/ service",
            "support": {
                "source": "https://github.com/Automattic/jetpack-redirect/tree/master"
            },
            "time": "2022-02-07T19:11:54+00:00"
        },
        {
            "name": "automattic/jetpack-roles",
            "version": "dev-master",
            "source": {
                "type": "git",
                "url": "https://github.com/Automattic/jetpack-roles.git",
                "reference": "8912bdcc8319838643a9c60e7f27a7eb49a090c4"
            },
            "dist": {
                "type": "zip",
                "url": "https://api.github.com/repos/Automattic/jetpack-roles/zipball/8912bdcc8319838643a9c60e7f27a7eb49a090c4",
                "reference": "8912bdcc8319838643a9c60e7f27a7eb49a090c4",
                "shasum": ""
            },
            "require-dev": {
                "automattic/jetpack-changelogger": "^3.0",
                "brain/monkey": "2.6.1",
                "yoast/phpunit-polyfills": "1.0.3"
            },
            "default-branch": true,
            "type": "jetpack-library",
            "extra": {
                "autotagger": true,
                "mirror-repo": "Automattic/jetpack-roles",
                "changelogger": {
                    "link-template": "https://github.com/Automattic/jetpack-roles/compare/v${old}...v${new}"
                },
                "branch-alias": {
                    "dev-master": "1.4.x-dev"
                }
            },
            "autoload": {
                "classmap": [
                    "src/"
                ]
            },
            "notification-url": "https://packagist.org/downloads/",
            "license": [
                "GPL-2.0-or-later"
            ],
            "description": "Utilities, related with user roles and capabilities.",
            "support": {
                "source": "https://github.com/Automattic/jetpack-roles/tree/master"
            },
            "time": "2022-02-07T19:11:15+00:00"
        },
        {
            "name": "automattic/jetpack-status",
            "version": "dev-master",
            "source": {
                "type": "git",
                "url": "https://github.com/Automattic/jetpack-status.git",
                "reference": "02631c9e2a53d790846cef956ab55e90d0cf88d5"
            },
            "dist": {
                "type": "zip",
                "url": "https://api.github.com/repos/Automattic/jetpack-status/zipball/02631c9e2a53d790846cef956ab55e90d0cf88d5",
                "reference": "02631c9e2a53d790846cef956ab55e90d0cf88d5",
                "shasum": ""
            },
            "require": {
                "automattic/jetpack-constants": "^1.6"
            },
            "require-dev": {
                "automattic/jetpack-changelogger": "^3.0",
                "brain/monkey": "2.6.1",
                "yoast/phpunit-polyfills": "1.0.3"
            },
            "default-branch": true,
            "type": "jetpack-library",
            "extra": {
                "autotagger": true,
                "mirror-repo": "Automattic/jetpack-status",
                "changelogger": {
                    "link-template": "https://github.com/Automattic/jetpack-status/compare/v${old}...v${new}"
                },
                "branch-alias": {
                    "dev-master": "1.10.x-dev"
                }
            },
            "autoload": {
                "classmap": [
                    "src/"
                ]
            },
            "notification-url": "https://packagist.org/downloads/",
            "license": [
                "GPL-2.0-or-later"
            ],
            "description": "Used to retrieve information about the current status of Jetpack and the site overall.",
            "support": {
                "source": "https://github.com/Automattic/jetpack-status/tree/master"
            },
            "time": "2022-02-07T19:11:47+00:00"
        },
        {
            "name": "automattic/jetpack-terms-of-service",
            "version": "dev-master",
            "source": {
                "type": "git",
                "url": "https://github.com/Automattic/jetpack-terms-of-service.git",
                "reference": "b885872eb243a00b4ac5b2f080a60809ad1cbb00"
            },
            "dist": {
                "type": "zip",
                "url": "https://api.github.com/repos/Automattic/jetpack-terms-of-service/zipball/b885872eb243a00b4ac5b2f080a60809ad1cbb00",
                "reference": "b885872eb243a00b4ac5b2f080a60809ad1cbb00",
                "shasum": ""
            },
            "require": {
                "automattic/jetpack-options": "^1.14",
                "automattic/jetpack-status": "^1.10"
            },
            "require-dev": {
                "automattic/jetpack-changelogger": "^3.0",
                "brain/monkey": "2.6.1",
                "yoast/phpunit-polyfills": "1.0.3"
            },
            "default-branch": true,
            "type": "jetpack-library",
            "extra": {
                "autotagger": true,
                "mirror-repo": "Automattic/jetpack-terms-of-service",
                "changelogger": {
                    "link-template": "https://github.com/Automattic/jetpack-terms-of-service/compare/v${old}...v${new}"
                },
                "branch-alias": {
                    "dev-master": "1.9.x-dev"
                }
            },
            "autoload": {
                "classmap": [
                    "src/"
                ]
            },
            "notification-url": "https://packagist.org/downloads/",
            "license": [
                "GPL-2.0-or-later"
            ],
            "description": "Everything need to manage the terms of service state",
            "support": {
                "source": "https://github.com/Automattic/jetpack-terms-of-service/tree/master"
            },
            "time": "2022-02-07T19:11:55+00:00"
        },
        {
            "name": "automattic/jetpack-tracking",
            "version": "dev-master",
            "source": {
                "type": "git",
                "url": "https://github.com/Automattic/jetpack-tracking.git",
                "reference": "ce2bdd0a3ecef7bc8817a134c6e5cc2dd6441287"
            },
            "dist": {
                "type": "zip",
                "url": "https://api.github.com/repos/Automattic/jetpack-tracking/zipball/ce2bdd0a3ecef7bc8817a134c6e5cc2dd6441287",
                "reference": "ce2bdd0a3ecef7bc8817a134c6e5cc2dd6441287",
                "shasum": ""
            },
            "require": {
                "automattic/jetpack-assets": "^1.17",
                "automattic/jetpack-options": "^1.14",
                "automattic/jetpack-status": "^1.10",
                "automattic/jetpack-terms-of-service": "^1.9"
            },
            "require-dev": {
                "automattic/jetpack-changelogger": "^3.0",
                "brain/monkey": "2.6.1",
                "yoast/phpunit-polyfills": "1.0.3"
            },
            "default-branch": true,
            "type": "jetpack-library",
            "extra": {
                "autotagger": true,
                "mirror-repo": "Automattic/jetpack-tracking",
                "textdomain": "jetpack-tracking",
                "changelogger": {
                    "link-template": "https://github.com/Automattic/jetpack-tracking/compare/v${old}...v${new}"
                },
                "branch-alias": {
                    "dev-master": "1.14.x-dev"
                }
            },
            "autoload": {
                "classmap": [
                    "legacy",
                    "src/"
                ]
            },
            "notification-url": "https://packagist.org/downloads/",
            "license": [
                "GPL-2.0-or-later"
            ],
            "description": "Tracking for Jetpack",
            "support": {
                "source": "https://github.com/Automattic/jetpack-tracking/tree/master"
            },
            "time": "2022-02-07T19:12:01+00:00"
        }
    ],
    "packages-dev": [],
    "aliases": [],
    "minimum-stability": "dev",
    "stability-flags": {
        "automattic/jetpack-tracking": 20,
        "automattic/jetpack-autoloader": 20,
        "automattic/jetpack-composer-plugin": 20,
        "automattic/jetpack-connection": 20
    },
    "prefer-stable": false,
    "prefer-lowest": false,
    "platform": [],
    "platform-dev": [],
    "plugin-api-version": "2.2.0"
}
